
Microsoft Visual Studio Solution File, Format Version 12.00
# Visual Studio 14
VisualStudioVersion = 14.0.25420.1
MinimumVisualStudioVersion = 10.0.40219.1
Project("{F184B08F-C81C-45F6-A57F-5ABD9991F28F}") = "CapaDatos", "CapaDatos\CapaDatos.vbproj", "{7B94D396-8C67-496C-8462-53A6BE32530E}"
EndProject
Project("{F184B08F-C81C-45F6-A57F-5ABD9991F28F}") = "CapaNegocio", "CapaNegocio\CapaNegocio.vbproj", "{2BA1F3C9-D65B-44D5-9B9F-4918B0CDA6E7}"
EndProject
Project("{F184B08F-C81C-45F6-A57F-5ABD9991F28F}") = "CapaPresentacion", "CapaPresentacion\CapaPresentacion.vbproj", "{CAC96E99-8C68-4739-A4B3-021C36603997}"
EndProject
Global
	GlobalSection(SolutionConfigurationPlatforms) = preSolution
		Debug|Any CPU = Debug|Any CPU
		Release|Any CPU = Release|Any CPU
	EndGlobalSection
	GlobalSection(ProjectConfigurationPlatforms) = postSolution
		{7B94D396-8C67-496C-8462-53A6BE32530E}.Debug|Any CPU.ActiveCfg = Debug|Any CPU
		{7B94D396-8C67-496C-8462-53A6BE32530E}.Debug|Any CPU.Build.0 = Debug|Any CPU
		{7B94D396-8C67-496C-8462-53A6BE32530E}.Release|Any CPU.ActiveCfg = Release|Any CPU
		{7B94D396-8C67-496C-8462-53A6BE32530E}.Release|Any CPU.Build.0 = Release|Any CPU
		{2BA1F3C9-D65B-44D5-9B9F-4918B0CDA6E7}.Debug|Any CPU.ActiveCfg = Debug|Any CPU
		{2BA1F3C9-D65B-44D5-9B9F-4918B0CDA6E7}.Debug|Any CPU.Build.0 = Debug|Any CPU
		{2BA1F3C9-D65B-44D5-9B9F-4918B0CDA6E7}.Release|Any CPU.ActiveCfg = Release|Any CPU
		{2BA1F3C9-D65B-44D5-9B9F-4918B0CDA6E7}.Release|Any CPU.Build.0 = Release|Any CPU
		{CAC96E99-8C68-4739-A4B3-021C36603997}.Debug|Any CPU.ActiveCfg = Debug|Any CPU
		{CAC96E99-8C68-4739-A4B3-021C36603997}.Debug|Any CPU.Build.0 = Debug|Any CPU
		{CAC96E99-8C68-4739-A4B3-021C36603997}.Release|Any CPU.ActiveCfg = Release|Any CPU
		{CAC96E99-8C68-4739-A4B3-021C36603997}.Release|Any CPU.Build.0 = Release|Any CPU
	EndGlobalSection
	GlobalSection(SolutionProperties) = preSolution
		HideSolutionNode = FALSE
	EndGlobalSection
	GlobalSection(ExtensibilityGlobals) = postSolution
		SolutionGuid = {EA4212BF-5FFE-48BD-811E-CB2FBC416D0A}
	EndGlobalSection
EndGlobal
